// !$*UTF8*$!
{
	archiveVersion = 1;
	classes = {
	};
	objectVersion = 46;
	objects = {

/* Begin PBXBuildFile section */
		54EAFC6D1CEA9D2F005E6EC1 /* main.cpp in Sources */ = {isa = PBXBuildFile; fileRef = 54EAFC6C1CEA9D2F005E6EC1 /* main.cpp */; };
/* End PBXBuildFile section */

/* Begin PBXCopyFilesBuildPhase section */
		54EAFC671CEA9D2F005E6EC1 /* CopyFiles */ = {
			isa = PBXCopyFilesBuildPhase;
			buildActionMask = 2147483647;
			dstPath = /usr/share/man/man1/;
			dstSubfolderSpec = 0;
			files = (
			);
			runOnlyForDeploymentPostprocessing = 1;
		};
/* End PBXCopyFilesBuildPhase section */

/* Begin PBXFileReference section */
		54EAFC691CEA9D2F005E6EC1 /* inpainting */ = {isa = PBXFileReference; explicitFileType = "compiled.mach-o.executable"; includeInIndex = 0; path = inpainting; sourceTree = BUILT_PRODUCTS_DIR; };
		54EAFC6C1CEA9D2F005E6EC1 /* main.cpp */ = {isa = PBXFileReference; lastKnownFileType = sourcecode.cpp.cpp; path = main.cpp; sourceTree = "<group>"; };
/* End PBXFileReference section */

/* Begin PBXFrameworksBuildPhase section */
		54EAFC661CEA9D2F005E6EC1 /* Frameworks */ = {
			isa = PBXFrameworksBuildPhase;
			buildActionMask = 2147483647;
			files = (
			);
			runOnlyForDeploymentPostprocessing = 0;
		};
/* End PBXFrameworksBuildPhase section */

/* Begin PBXGroup section */
		54EAFC601CEA9D2F005E6EC1 = {
			isa = PBXGroup;
			children = (
				54EAFC6B1CEA9D2F005E6EC1 /* inpainting */,
				54EAFC6A1CEA9D2F005E6EC1 /* Products */,
			);
			sourceTree = "<group>";
		};
		54EAFC6A1CEA9D2F005E6EC1 /* Products */ = {
			isa = PBXGroup;
			children = (
				54EAFC691CEA9D2F005E6EC1 /* inpainting */,
			);
			name = Products;
			sourceTree = "<group>";
		};
		54EAFC6B1CEA9D2F005E6EC1 /* inpainting */ = {
			isa = PBXGroup;
			children = (
				54EAFC6C1CEA9D2F005E6EC1 /* main.cpp */,
			);
			path = inpainting;
			sourceTree = "<group>";
		};
/* End PBXGroup section */

/* Begin PBXNativeTarget section */
		54EAFC681CEA9D2F005E6EC1 /* inpainting */ = {
			isa = PBXNativeTarget;
			buildConfigurationList = 54EAFC701CEA9D2F005E6EC1 /* Build configuration list for PBXNativeTarget "inpainting" */;
			buildPhases = (
				54EAFC651CEA9D2F005E6EC1 /* Sources */,
				54EAFC661CEA9D2F005E6EC1 /* Frameworks */,
				54EAFC671CEA9D2F005E6EC1 /* CopyFiles */,
			);
			buildRules = (
			);
			dependencies = (
			);
			name = inpainting;
			productName = inpainting;
			productReference = 54EAFC691CEA9D2F005E6EC1 /* inpainting */;
			productType = "com.apple.product-type.tool";
		};
/* End PBXNativeTarget section */

/* Begin PBXProject section */
		54EAFC611CEA9D2F005E6EC1 /* Project object */ = {
			isa = PBXProject;
			attributes = {
				LastUpgradeCheck = 0730;
				ORGANIZATIONNAME = "Sooham Rafiz";
				TargetAttributes = {
					54EAFC681CEA9D2F005E6EC1 = {
						CreatedOnToolsVersion = 7.3.1;
					};
				};
			};
			buildConfigurationList = 54EAFC641CEA9D2F005E6EC1 /* Build configuration list for PBXProject "inpainting" */;
			compatibilityVersion = "Xcode 3.2";
			developmentRegion = English;
			hasScannedForEncodings = 0;
			knownRegions = (
				en,
			);
			mainGroup = 54EAFC601CEA9D2F005E6EC1;
			productRefGroup = 54EAFC6A1CEA9D2F005E6EC1 /* Products */;
			projectDirPath = "";
			projectRoot = "";
			targets = (
				54EAFC681CEA9D2F005E6EC1 /* inpainting */,
			);
		};
/* End PBXProject section */

/* Begin PBXSourcesBuildPhase section */
		54EAFC651CEA9D2F005E6EC1 /* Sources */ = {
			isa = PBXSourcesBuildPhase;
			buildActionMask = 2147483647;
			files = (
				54EAFC6D1CEA9D2F005E6EC1 /* main.cpp in Sources */,
			);
			runOnlyForDeploymentPostprocessing = 0;
		};
/* End PBXSourcesBuildPhase section */

/* Begin XCBuildConfiguration section */
		54EAFC6E1CEA9D2F005E6EC1 /* Debug */ = {
			isa = XCBuildConfiguration;
			buildSettings = {
				ALWAYS_SEARCH_USER_PATHS = NO;
				CLANG_ANALYZER_NONNULL = YES;
				CLANG_CXX_LANGUAGE_STANDARD = "gnu++0x";
				CLANG_CXX_LIBRARY = "libc++";
				CLANG_ENABLE_MODULES = YES;
				CLANG_ENABLE_OBJC_ARC = YES;
				CLANG_WARN_BOOL_CONVERSION = YES;
				CLANG_WARN_CONSTANT_CONVERSION = YES;
				CLANG_WARN_DIRECT_OBJC_ISA_USAGE = YES_ERROR;
				CLANG_WARN_EMPTY_BODY = YES;
				CLANG_WARN_ENUM_CONVERSION = YES;
				CLANG_WARN_INT_CONVERSION = YES;
				CLANG_WARN_OBJC_ROOT_CLASS = YES_ERROR;
				CLANG_WARN_UNREACHABLE_CODE = YES;
				CLANG_WARN__DUPLICATE_METHOD_MATCH = YES;
				CODE_SIGN_IDENTITY = "-";
				COPY_PHASE_STRIP = NO;
				DEBUG_INFORMATION_FORMAT = dwarf;
				ENABLE_STRICT_OBJC_MSGSEND = YES;
				ENABLE_TESTABILITY = YES;
				GCC_C_LANGUAGE_STANDARD = gnu99;
				GCC_DYNAMIC_NO_PIC = NO;
				GCC_NO_COMMON_BLOCKS = YES;
				GCC_OPTIMIZATION_LEVEL = 0;
				GCC_PREPROCESSOR_DEFINITIONS = (
					"DEBUG=1",
					"$(inherited)",
				);
				GCC_WARN_64_TO_32_BIT_CONVERSION = YES;
				GCC_WARN_ABOUT_RETURN_TYPE = YES_ERROR;
				GCC_WARN_UNDECLARED_SELECTOR = YES;
				GCC_WARN_UNINITIALIZED_AUTOS = YES_AGGRESSIVE;
				GCC_WARN_UNUSED_FUNCTION = YES;
				GCC_WARN_UNUSED_VARIABLE = YES;
				MACOSX_DEPLOYMENT_TARGET = 10.11;
				MTL_ENABLE_DEBUG_INFO = YES;
				ONLY_ACTIVE_ARCH = YES;
				SDKROOT = macosx;
			};
			name = Debug;
		};
		54EAFC6F1CEA9D2F005E6EC1 /* Release */ = {
			isa = XCBuildConfiguration;
			buildSettings = {
				ALWAYS_SEARCH_USER_PATHS = NO;
				CLANG_ANALYZER_NONNULL = YES;
				CLANG_CXX_LANGUAGE_STANDARD = "gnu++0x";
				CLANG_CXX_LIBRARY = "libc++";
				CLANG_ENABLE_MODULES = YES;
				CLANG_ENABLE_OBJC_ARC = YES;
				CLANG_WARN_BOOL_CONVERSION = YES;
				CLANG_WARN_CONSTANT_CONVERSION = YES;
				CLANG_WARN_DIRECT_OBJC_ISA_USAGE = YES_ERROR;
				CLANG_WARN_EMPTY_BODY = YES;
				CLANG_WARN_ENUM_CONVERSION = YES;
				CLANG_WARN_INT_CONVERSION = YES;
				CLANG_WARN_OBJC_ROOT_CLASS = YES_ERROR;
				CLANG_WARN_UNREACHABLE_CODE = YES;
				CLANG_WARN__DUPLICATE_METHOD_MATCH = YES;
				CODE_SIGN_IDENTITY = "-";
				COPY_PHASE_STRIP = NO;
				DEBUG_INFORMATION_FORMAT = "dwarf-with-dsym";
				ENABLE_NS_ASSERTIONS = NO;
				ENABLE_STRICT_OBJC_MSGSEND = YES;
				GCC_C_LANGUAGE_STANDARD = gnu99;
				GCC_NO_COMMON_BLOCKS = YES;
				GCC_WARN_64_TO_32_BIT_CONVERSION = YES;
				GCC_WARN_ABOUT_RETURN_TYPE = YES_ERROR;
				GCC_WARN_UNDECLARED_SELECTOR = YES;
				GCC_WARN_UNINITIALIZED_AUTOS = YES_AGGRESSIVE;
				GCC_WARN_UNUSED_FUNCTION = YES;
				GCC_WARN_UNUSED_VARIABLE = YES;
				MACOSX_DEPLOYMENT_TARGET = 10.11;
				MTL_ENABLE_DEBUG_INFO = NO;
				SDKROOT = macosx;
			};
			name = Release;
		};
		54EAFC711CEA9D2F005E6EC1 /* Debug */ = {
			isa = XCBuildConfiguration;
			buildSettings = {
				PRODUCT_NAME = "$(TARGET_NAME)";
			};
			name = Debug;
		};
		54EAFC721CEA9D2F005E6EC1 /* Release */ = {
			isa = XCBuildConfiguration;
			buildSettings = {
				PRODUCT_NAME = "$(TARGET_NAME)";
			};
			name = Release;
		};
/* End XCBuildConfiguration section */

/* Begin XCConfigurationList section */
		54EAFC641CEA9D2F005E6EC1 /* Build configuration list for PBXProject "inpainting" */ = {
			isa = XCConfigurationList;
			buildConfigurations = (
				54EAFC6E1CEA9D2F005E6EC1 /* Debug */,
				54EAFC6F1CEA9D2F005E6EC1 /* Release */,
			);
			defaultConfigurationIsVisible = 0;
			defaultConfigurationName = Release;
		};
		54EAFC701CEA9D2F005E6EC1 /* Build configuration list for PBXNativeTarget "inpainting" */ = {
			isa = XCConfigurationList;
			buildConfigurations = (
				54EAFC711CEA9D2F005E6EC1 /* Debug */,
				54EAFC721CEA9D2F005E6EC1 /* Release */,
			);
			defaultConfigurationIsVisible = 0;
		};
/* End XCConfigurationList section */
	};
	rootObject = 54EAFC611CEA9D2F005E6EC1 /* Project object */;
}
